{
  "name": "extract-by-module-config",
  "version": "1.0.0",
  "lockfileVersion": 1,
  "requires": true,
  "dependencies": {
    "@mapbox/tilebelt": {
      "version": "1.0.1",
      "resolved": "https://registry.npmjs.org/@mapbox/tilebelt/-/tilebelt-1.0.1.tgz",
      "integrity": "sha1-1XocSlRF6Sja1yCoKDiaCmnbiBg="
    }
  }
}
